
Microsoft Visual Studio Solution File, Format Version 12.00
Project("{FAE04EC0-301F-11D3-BF4B-00C04F79EFBC}") = "PeopleVille", "PeopleVille\PeopleVille.csproj", "{6C9819B0-A203-4120-ACA3-7634F35C119A}"
EndProject
Project("{FAE04EC0-301F-11D3-BF4B-00C04F79EFBC}") = "StoreVille", "StoreVille\StoreVille.csproj", "{18C79FFA-77F9-48BA-861F-03C0DAF01BDA}"
EndProject
Global
	GlobalSection(SolutionConfigurationPlatforms) = preSolution
		Debug|Any CPU = Debug|Any CPU
		Release|Any CPU = Release|Any CPU
	EndGlobalSection
	GlobalSection(ProjectConfigurationPlatforms) = postSolution
		{6C9819B0-A203-4120-ACA3-7634F35C119A}.Debug|Any CPU.ActiveCfg = Debug|Any CPU
		{6C9819B0-A203-4120-ACA3-7634F35C119A}.Debug|Any CPU.Build.0 = Debug|Any CPU
		{6C9819B0-A203-4120-ACA3-7634F35C119A}.Release|Any CPU.ActiveCfg = Release|Any CPU
		{6C9819B0-A203-4120-ACA3-7634F35C119A}.Release|Any CPU.Build.0 = Release|Any CPU
		{18C79FFA-77F9-48BA-861F-03C0DAF01BDA}.Debug|Any CPU.ActiveCfg = Debug|Any CPU
		{18C79FFA-77F9-48BA-861F-03C0DAF01BDA}.Debug|Any CPU.Build.0 = Debug|Any CPU
		{18C79FFA-77F9-48BA-861F-03C0DAF01BDA}.Release|Any CPU.ActiveCfg = Release|Any CPU
		{18C79FFA-77F9-48BA-861F-03C0DAF01BDA}.Release|Any CPU.Build.0 = Release|Any CPU
	EndGlobalSection
EndGlobal
